
Microsoft Visual Studio Solution File, Format Version 12.00
# Visual Studio Version 17
VisualStudioVersion = 17.2.32516.85
MinimumVisualStudioVersion = 10.0.40219.1
Project("{FAE04EC0-301F-11D3-BF4B-00C04F79EFBC}") = "EmpMngmntSys", "EmpMngmntSys\EmpMngmntSys.csproj", "{037254E3-E3EB-496A-B4B4-EA9CEB0FCD19}"
EndProject
Global
	GlobalSection(SolutionConfigurationPlatforms) = preSolution
		Debug|Any CPU = Debug|Any CPU
		Release|Any CPU = Release|Any CPU
	EndGlobalSection
	GlobalSection(ProjectConfigurationPlatforms) = postSolution
		{037254E3-E3EB-496A-B4B4-EA9CEB0FCD19}.Debug|Any CPU.ActiveCfg = Debug|Any CPU
		{037254E3-E3EB-496A-B4B4-EA9CEB0FCD19}.Debug|Any CPU.Build.0 = Debug|Any CPU
		{037254E3-E3EB-496A-B4B4-EA9CEB0FCD19}.Release|Any CPU.ActiveCfg = Release|Any CPU
		{037254E3-E3EB-496A-B4B4-EA9CEB0FCD19}.Release|Any CPU.Build.0 = Release|Any CPU
	EndGlobalSection
	GlobalSection(SolutionProperties) = preSolution
		HideSolutionNode = FALSE
	EndGlobalSection
	GlobalSection(ExtensibilityGlobals) = postSolution
		SolutionGuid = {6131AC18-5F6F-4D6E-B1DE-212258CEB649}
	EndGlobalSection
EndGlobal
